// !$*UTF8*$!
{
	archiveVersion = 1;
	classes = {
	};
	objectVersion = 56;
	objects = {

/* Begin PBXBuildFile section */
		1E25A8AD28C4B52B004966DB /* SignInViewModel.swift in Sources */ = {isa = PBXBuildFile; fileRef = 1E25A8AC28C4B52B004966DB /* SignInViewModel.swift */; };
		1E25A8AF28C4B53E004966DB /* SignInContracts.swift in Sources */ = {isa = PBXBuildFile; fileRef = 1E25A8AE28C4B53E004966DB /* SignInContracts.swift */; };
		1E25A8B228C4BDF0004966DB /* ProfileViewModel.swift in Sources */ = {isa = PBXBuildFile; fileRef = 1E25A8B128C4BDF0004966DB /* ProfileViewModel.swift */; };
		1E25A8B428C4BDF6004966DB /* ProfileViewModelContracts.swift in Sources */ = {isa = PBXBuildFile; fileRef = 1E25A8B328C4BDF6004966DB /* ProfileViewModelContracts.swift */; };
		1E40335028C268DE0096B69F /* AppDelegate.swift in Sources */ = {isa = PBXBuildFile; fileRef = 1E40334F28C268DE0096B69F /* AppDelegate.swift */; };
		1E40335728C268DE0096B69F /* Main.storyboard in Resources */ = {isa = PBXBuildFile; fileRef = 1E40335528C268DE0096B69F /* Main.storyboard */; };
		1E40335928C268DF0096B69F /* Assets.xcassets in Resources */ = {isa = PBXBuildFile; fileRef = 1E40335828C268DF0096B69F /* Assets.xcassets */; };
		1E40335C28C268DF0096B69F /* LaunchScreen.storyboard in Resources */ = {isa = PBXBuildFile; fileRef = 1E40335A28C268DF0096B69F /* LaunchScreen.storyboard */; };
		1E40336528C26B900096B69F /* AppCoordinator.swift in Sources */ = {isa = PBXBuildFile; fileRef = 1E40336428C26B900096B69F /* AppCoordinator.swift */; };
		1E40336928C26BAE0096B69F /* CoordinatorContracts.swift in Sources */ = {isa = PBXBuildFile; fileRef = 1E40336828C26BAE0096B69F /* CoordinatorContracts.swift */; };
		1E40336B28C26BC20096B69F /* DataProtocol.swift in Sources */ = {isa = PBXBuildFile; fileRef = 1E40336A28C26BC20096B69F /* DataProtocol.swift */; };
		1E40336D28C26BEF0096B69F /* ErrorHandlingProtocol.swift in Sources */ = {isa = PBXBuildFile; fileRef = 1E40336C28C26BEF0096B69F /* ErrorHandlingProtocol.swift */; };
		1E40337028C26C3B0096B69F /* Alert.swift in Sources */ = {isa = PBXBuildFile; fileRef = 1E40336F28C26C3B0096B69F /* Alert.swift */; };
		1E40337428C26C5A0096B69F /* Typealiases.swift in Sources */ = {isa = PBXBuildFile; fileRef = 1E40337328C26C5A0096B69F /* Typealiases.swift */; };
		1E40337628C26C940096B69F /* DependencyContainer.swift in Sources */ = {isa = PBXBuildFile; fileRef = 1E40337528C26C940096B69F /* DependencyContainer.swift */; };
		1E40337B28C26E340096B69F /* CoordinatorFactory.swift in Sources */ = {isa = PBXBuildFile; fileRef = 1E40337A28C26E340096B69F /* CoordinatorFactory.swift */; };
		1E40337D28C26E4E0096B69F /* HomeCoordinator.swift in Sources */ = {isa = PBXBuildFile; fileRef = 1E40337C28C26E4E0096B69F /* HomeCoordinator.swift */; };
		1E40338028C26EAC0096B69F /* HomeCoordinatorContracts.swift in Sources */ = {isa = PBXBuildFile; fileRef = 1E40337F28C26EAC0096B69F /* HomeCoordinatorContracts.swift */; };
		1E40338328C26ED10096B69F /* HomeViewModel.swift in Sources */ = {isa = PBXBuildFile; fileRef = 1E40338228C26ED10096B69F /* HomeViewModel.swift */; };
		1E40338528C26EDC0096B69F /* HomeViewModelContracts.swift in Sources */ = {isa = PBXBuildFile; fileRef = 1E40338428C26EDC0096B69F /* HomeViewModelContracts.swift */; };
		1E40338828C26EF50096B69F /* HomeViewController.swift in Sources */ = {isa = PBXBuildFile; fileRef = 1E40338728C26EF50096B69F /* HomeViewController.swift */; };
		1E40338A28C274660096B69F /* UIColorExtensions.swift in Sources */ = {isa = PBXBuildFile; fileRef = 1E40338928C274660096B69F /* UIColorExtensions.swift */; };
		1E40338E28C275DA0096B69F /* SignInViewController.swift in Sources */ = {isa = PBXBuildFile; fileRef = 1E40338D28C275DA0096B69F /* SignInViewController.swift */; };
		1E40339028C27E4E0096B69F /* UIControlExtensions.swift in Sources */ = {isa = PBXBuildFile; fileRef = 1E40338F28C27E4E0096B69F /* UIControlExtensions.swift */; };
		1E40339328C287900096B69F /* AuthManager.swift in Sources */ = {isa = PBXBuildFile; fileRef = 1E40339228C287900096B69F /* AuthManager.swift */; };
		1E40339728C2887A0096B69F /* ProfileViewController.swift in Sources */ = {isa = PBXBuildFile; fileRef = 1E40339628C2887A0096B69F /* ProfileViewController.swift */; };
		1E40339B28C2A0A60096B69F /* ListView.swift in Sources */ = {isa = PBXBuildFile; fileRef = 1E40339A28C2A0A60096B69F /* ListView.swift */; };
		1E40339E28C2A2670096B69F /* BaseView.swift in Sources */ = {isa = PBXBuildFile; fileRef = 1E40339D28C2A2670096B69F /* BaseView.swift */; };
		1E4033A128C2A3340096B69F /* ListViewCell.swift in Sources */ = {isa = PBXBuildFile; fileRef = 1E4033A028C2A3340096B69F /* ListViewCell.swift */; };
		1E4033A428C2A4650096B69F /* CustomImageLoadingType.swift in Sources */ = {isa = PBXBuildFile; fileRef = 1E4033A328C2A4650096B69F /* CustomImageLoadingType.swift */; };
		1E4033A628C2A4760096B69F /* CustomImageViewComponent.swift in Sources */ = {isa = PBXBuildFile; fileRef = 1E4033A528C2A4760096B69F /* CustomImageViewComponent.swift */; };
		1E4033A828C2A4920096B69F /* CustomImageViewComponentData.swift in Sources */ = {isa = PBXBuildFile; fileRef = 1E4033A728C2A4920096B69F /* CustomImageViewComponentData.swift */; };
		1E4033AA28C2A4C20096B69F /* CustomImageViewContainer.swift in Sources */ = {isa = PBXBuildFile; fileRef = 1E4033A928C2A4C20096B69F /* CustomImageViewContainer.swift */; };
		1E4033AC28C2A7280096B69F /* NSObjectExtensions.swift in Sources */ = {isa = PBXBuildFile; fileRef = 1E4033AB28C2A7280096B69F /* NSObjectExtensions.swift */; };
		1E4033B028C2A7690096B69F /* ImageCacheManager.swift in Sources */ = {isa = PBXBuildFile; fileRef = 1E4033AF28C2A7690096B69F /* ImageCacheManager.swift */; };
		1E4033B228C2A9740096B69F /* ListViewCellData.swift in Sources */ = {isa = PBXBuildFile; fileRef = 1E4033B128C2A9740096B69F /* ListViewCellData.swift */; };
		1E4033B428C2AA780096B69F /* HomeViewDataHandler.swift in Sources */ = {isa = PBXBuildFile; fileRef = 1E4033B328C2AA780096B69F /* HomeViewDataHandler.swift */; };
		1E4033B728C2AAD70096B69F /* HomeFactory.swift in Sources */ = {isa = PBXBuildFile; fileRef = 1E4033B628C2AAD70096B69F /* HomeFactory.swift */; };
		1E4033BB28C2AF0E0096B69F /* DetailViewController.swift in Sources */ = {isa = PBXBuildFile; fileRef = 1E4033BA28C2AF0E0096B69F /* DetailViewController.swift */; };
		1ED2F0A928C39ADE00D2D1CD /* AuthrorizationViewController.swift in Sources */ = {isa = PBXBuildFile; fileRef = 1ED2F0A828C39ADE00D2D1CD /* AuthrorizationViewController.swift */; };
/* End PBXBuildFile section */

/* Begin PBXFileReference section */
		1E25A8AC28C4B52B004966DB /* SignInViewModel.swift */ = {isa = PBXFileReference; lastKnownFileType = sourcecode.swift; path = SignInViewModel.swift; sourceTree = "<group>"; };
		1E25A8AE28C4B53E004966DB /* SignInContracts.swift */ = {isa = PBXFileReference; lastKnownFileType = sourcecode.swift; path = SignInContracts.swift; sourceTree = "<group>"; };
		1E25A8B128C4BDF0004966DB /* ProfileViewModel.swift */ = {isa = PBXFileReference; lastKnownFileType = sourcecode.swift; path = ProfileViewModel.swift; sourceTree = "<group>"; };
		1E25A8B328C4BDF6004966DB /* ProfileViewModelContracts.swift */ = {isa = PBXFileReference; lastKnownFileType = sourcecode.swift; path = ProfileViewModelContracts.swift; sourceTree = "<group>"; };
		1E40334C28C268DE0096B69F /* SpotifyAPI.app */ = {isa = PBXFileReference; explicitFileType = wrapper.application; includeInIndex = 0; path = SpotifyAPI.app; sourceTree = BUILT_PRODUCTS_DIR; };
		1E40334F28C268DE0096B69F /* AppDelegate.swift */ = {isa = PBXFileReference; lastKnownFileType = sourcecode.swift; path = AppDelegate.swift; sourceTree = "<group>"; };
		1E40335628C268DE0096B69F /* Base */ = {isa = PBXFileReference; lastKnownFileType = file.storyboard; name = Base; path = Base.lproj/Main.storyboard; sourceTree = "<group>"; };
		1E40335828C268DF0096B69F /* Assets.xcassets */ = {isa = PBXFileReference; lastKnownFileType = folder.assetcatalog; path = Assets.xcassets; sourceTree = "<group>"; };
		1E40335B28C268DF0096B69F /* Base */ = {isa = PBXFileReference; lastKnownFileType = file.storyboard; name = Base; path = Base.lproj/LaunchScreen.storyboard; sourceTree = "<group>"; };
		1E40335D28C268DF0096B69F /* Info.plist */ = {isa = PBXFileReference; lastKnownFileType = text.plist.xml; path = Info.plist; sourceTree = "<group>"; };
		1E40336428C26B900096B69F /* AppCoordinator.swift */ = {isa = PBXFileReference; lastKnownFileType = sourcecode.swift; path = AppCoordinator.swift; sourceTree = "<group>"; };
		1E40336828C26BAE0096B69F /* CoordinatorContracts.swift */ = {isa = PBXFileReference; lastKnownFileType = sourcecode.swift; path = CoordinatorContracts.swift; sourceTree = "<group>"; };
		1E40336A28C26BC20096B69F /* DataProtocol.swift */ = {isa = PBXFileReference; lastKnownFileType = sourcecode.swift; path = DataProtocol.swift; sourceTree = "<group>"; };
		1E40336C28C26BEF0096B69F /* ErrorHandlingProtocol.swift */ = {isa = PBXFileReference; lastKnownFileType = sourcecode.swift; path = ErrorHandlingProtocol.swift; sourceTree = "<group>"; };
		1E40336F28C26C3B0096B69F /* Alert.swift */ = {isa = PBXFileReference; lastKnownFileType = sourcecode.swift; path = Alert.swift; sourceTree = "<group>"; };
		1E40337328C26C5A0096B69F /* Typealiases.swift */ = {isa = PBXFileReference; lastKnownFileType = sourcecode.swift; path = Typealiases.swift; sourceTree = "<group>"; };
		1E40337528C26C940096B69F /* DependencyContainer.swift */ = {isa = PBXFileReference; lastKnownFileType = sourcecode.swift; path = DependencyContainer.swift; sourceTree = "<group>"; };
		1E40337A28C26E340096B69F /* CoordinatorFactory.swift */ = {isa = PBXFileReference; lastKnownFileType = sourcecode.swift; path = CoordinatorFactory.swift; sourceTree = "<group>"; };
		1E40337C28C26E4E0096B69F /* HomeCoordinator.swift */ = {isa = PBXFileReference; lastKnownFileType = sourcecode.swift; path = HomeCoordinator.swift; sourceTree = "<group>"; };
		1E40337F28C26EAC0096B69F /* HomeCoordinatorContracts.swift */ = {isa = PBXFileReference; lastKnownFileType = sourcecode.swift; path = HomeCoordinatorContracts.swift; sourceTree = "<group>"; };
		1E40338228C26ED10096B69F /* HomeViewModel.swift */ = {isa = PBXFileReference; lastKnownFileType = sourcecode.swift; path = HomeViewModel.swift; sourceTree = "<group>"; };
		1E40338428C26EDC0096B69F /* HomeViewModelContracts.swift */ = {isa = PBXFileReference; lastKnownFileType = sourcecode.swift; path = HomeViewModelContracts.swift; sourceTree = "<group>"; };
		1E40338728C26EF50096B69F /* HomeViewController.swift */ = {isa = PBXFileReference; lastKnownFileType = sourcecode.swift; path = HomeViewController.swift; sourceTree = "<group>"; };
		1E40338928C274660096B69F /* UIColorExtensions.swift */ = {isa = PBXFileReference; lastKnownFileType = sourcecode.swift; path = UIColorExtensions.swift; sourceTree = "<group>"; };
		1E40338D28C275DA0096B69F /* SignInViewController.swift */ = {isa = PBXFileReference; lastKnownFileType = sourcecode.swift; path = SignInViewController.swift; sourceTree = "<group>"; };
		1E40338F28C27E4E0096B69F /* UIControlExtensions.swift */ = {isa = PBXFileReference; lastKnownFileType = sourcecode.swift; path = UIControlExtensions.swift; sourceTree = "<group>"; };
		1E40339228C287900096B69F /* AuthManager.swift */ = {isa = PBXFileReference; lastKnownFileType = sourcecode.swift; path = AuthManager.swift; sourceTree = "<group>"; };
		1E40339628C2887A0096B69F /* ProfileViewController.swift */ = {isa = PBXFileReference; lastKnownFileType = sourcecode.swift; path = ProfileViewController.swift; sourceTree = "<group>"; };
		1E40339A28C2A0A60096B69F /* ListView.swift */ = {isa = PBXFileReference; lastKnownFileType = sourcecode.swift; path = ListView.swift; sourceTree = "<group>"; };
		1E40339D28C2A2670096B69F /* BaseView.swift */ = {isa = PBXFileReference; lastKnownFileType = sourcecode.swift; path = BaseView.swift; sourceTree = "<group>"; };
		1E4033A028C2A3340096B69F /* ListViewCell.swift */ = {isa = PBXFileReference; lastKnownFileType = sourcecode.swift; path = ListViewCell.swift; sourceTree = "<group>"; };
		1E4033A328C2A4650096B69F /* CustomImageLoadingType.swift */ = {isa = PBXFileReference; lastKnownFileType = sourcecode.swift; path = CustomImageLoadingType.swift; sourceTree = "<group>"; };
		1E4033A528C2A4760096B69F /* CustomImageViewComponent.swift */ = {isa = PBXFileReference; lastKnownFileType = sourcecode.swift; path = CustomImageViewComponent.swift; sourceTree = "<group>"; };
		1E4033A728C2A4920096B69F /* CustomImageViewComponentData.swift */ = {isa = PBXFileReference; lastKnownFileType = sourcecode.swift; path = CustomImageViewComponentData.swift; sourceTree = "<group>"; };
		1E4033A928C2A4C20096B69F /* CustomImageViewContainer.swift */ = {isa = PBXFileReference; lastKnownFileType = sourcecode.swift; path = CustomImageViewContainer.swift; sourceTree = "<group>"; };
		1E4033AB28C2A7280096B69F /* NSObjectExtensions.swift */ = {isa = PBXFileReference; lastKnownFileType = sourcecode.swift; path = NSObjectExtensions.swift; sourceTree = "<group>"; };
		1E4033AF28C2A7690096B69F /* ImageCacheManager.swift */ = {isa = PBXFileReference; lastKnownFileType = sourcecode.swift; path = ImageCacheManager.swift; sourceTree = "<group>"; };
		1E4033B128C2A9740096B69F /* ListViewCellData.swift */ = {isa = PBXFileReference; lastKnownFileType = sourcecode.swift; path = ListViewCellData.swift; sourceTree = "<group>"; };
		1E4033B328C2AA780096B69F /* HomeViewDataHandler.swift */ = {isa = PBXFileReference; lastKnownFileType = sourcecode.swift; path = HomeViewDataHandler.swift; sourceTree = "<group>"; };
		1E4033B628C2AAD70096B69F /* HomeFactory.swift */ = {isa = PBXFileReference; lastKnownFileType = sourcecode.swift; path = HomeFactory.swift; sourceTree = "<group>"; };
		1E4033BA28C2AF0E0096B69F /* DetailViewController.swift */ = {isa = PBXFileReference; lastKnownFileType = sourcecode.swift; path = DetailViewController.swift; sourceTree = "<group>"; };
		1ED2F0A828C39ADE00D2D1CD /* AuthrorizationViewController.swift */ = {isa = PBXFileReference; lastKnownFileType = sourcecode.swift; path = AuthrorizationViewController.swift; sourceTree = "<group>"; };
/* End PBXFileReference section */

/* Begin PBXFrameworksBuildPhase section */
		1E40334928C268DE0096B69F /* Frameworks */ = {
			isa = PBXFrameworksBuildPhase;
			buildActionMask = 2147483647;
			files = (
			);
			runOnlyForDeploymentPostprocessing = 0;
		};
/* End PBXFrameworksBuildPhase section */

/* Begin PBXGroup section */
		1E25A8AB28C4B516004966DB /* ViewModel */ = {
			isa = PBXGroup;
			children = (
				1E25A8AC28C4B52B004966DB /* SignInViewModel.swift */,
				1E25A8AE28C4B53E004966DB /* SignInContracts.swift */,
			);
			path = ViewModel;
			sourceTree = "<group>";
		};
		1E25A8B028C4BDE7004966DB /* ViewModel */ = {
			isa = PBXGroup;
			children = (
				1E25A8B128C4BDF0004966DB /* ProfileViewModel.swift */,
				1E25A8B328C4BDF6004966DB /* ProfileViewModelContracts.swift */,
			);
			path = ViewModel;
			sourceTree = "<group>";
		};
		1E40334328C268DE0096B69F = {
			isa = PBXGroup;
			children = (
				1E40334E28C268DE0096B69F /* SpotifyAPI */,
				1E40334D28C268DE0096B69F /* Products */,
			);
			sourceTree = "<group>";
		};
		1E40334D28C268DE0096B69F /* Products */ = {
			isa = PBXGroup;
			children = (
				1E40334C28C268DE0096B69F /* SpotifyAPI.app */,
			);
			name = Products;
			sourceTree = "<group>";
		};
		1E40334E28C268DE0096B69F /* SpotifyAPI */ = {
			isa = PBXGroup;
			children = (
				1E40339828C2A09D0096B69F /* Components */,
				1E40337728C26CE20096B69F /* Modules */,
				1E40336628C26B9A0096B69F /* Core */,
				1E40336328C26B850096B69F /* App */,
				1E40335528C268DE0096B69F /* Main.storyboard */,
				1E40335828C268DF0096B69F /* Assets.xcassets */,
				1E40335A28C268DF0096B69F /* LaunchScreen.storyboard */,
				1E40335D28C268DF0096B69F /* Info.plist */,
			);
			path = SpotifyAPI;
			sourceTree = "<group>";
		};
		1E40336328C26B850096B69F /* App */ = {
			isa = PBXGroup;
			children = (
				1E40337928C26E2C0096B69F /* Factory */,
				1E40334F28C268DE0096B69F /* AppDelegate.swift */,
				1E40336428C26B900096B69F /* AppCoordinator.swift */,
			);
			path = App;
			sourceTree = "<group>";
		};
		1E40336628C26B9A0096B69F /* Core */ = {
			isa = PBXGroup;
			children = (
				1E4033AE28C2A7610096B69F /* Managers */,
				1E40339C28C2A2570096B69F /* BaseClasses */,
				1E40337228C26C540096B69F /* Helpers */,
				1E40337128C26C4C0096B69F /* Extensions */,
				1E40336E28C26C2B0096B69F /* Models */,
				1E40336728C26BA20096B69F /* Protocols */,
			);
			path = Core;
			sourceTree = "<group>";
		};
		1E40336728C26BA20096B69F /* Protocols */ = {
			isa = PBXGroup;
			children = (
				1E40336828C26BAE0096B69F /* CoordinatorContracts.swift */,
				1E40336A28C26BC20096B69F /* DataProtocol.swift */,
				1E40336C28C26BEF0096B69F /* ErrorHandlingProtocol.swift */,
			);
			path = Protocols;
			sourceTree = "<group>";
		};
		1E40336E28C26C2B0096B69F /* Models */ = {
			isa = PBXGroup;
			children = (
				1E40336F28C26C3B0096B69F /* Alert.swift */,
				1E40337528C26C940096B69F /* DependencyContainer.swift */,
			);
			path = Models;
			sourceTree = "<group>";
		};
		1E40337128C26C4C0096B69F /* Extensions */ = {
			isa = PBXGroup;
			children = (
				1E40338928C274660096B69F /* UIColorExtensions.swift */,
				1E40338F28C27E4E0096B69F /* UIControlExtensions.swift */,
				1E4033AB28C2A7280096B69F /* NSObjectExtensions.swift */,
			);
			path = Extensions;
			sourceTree = "<group>";
		};
		1E40337228C26C540096B69F /* Helpers */ = {
			isa = PBXGroup;
			children = (
				1E40337328C26C5A0096B69F /* Typealiases.swift */,
			);
			path = Helpers;
			sourceTree = "<group>";
		};
		1E40337728C26CE20096B69F /* Modules */ = {
			isa = PBXGroup;
			children = (
				1E4033B828C2AF000096B69F /* Detail */,
				1E40339428C2886F0096B69F /* Profile */,
				1E40338B28C275D20096B69F /* Login */,
				1E40337828C26CE40096B69F /* Home */,
			);
			path = Modules;
			sourceTree = "<group>";
		};
		1E40337828C26CE40096B69F /* Home */ = {
			isa = PBXGroup;
			children = (
				1E4033B528C2AAD10096B69F /* Factory */,
				1E40338628C26EEF0096B69F /* View */,
				1E40338128C26EC70096B69F /* VIewModel */,
				1E40337E28C26E9F0096B69F /* Coordinator */,
			);
			path = Home;
			sourceTree = "<group>";
		};
		1E40337928C26E2C0096B69F /* Factory */ = {
			isa = PBXGroup;
			children = (
				1E40337A28C26E340096B69F /* CoordinatorFactory.swift */,
			);
			path = Factory;
			sourceTree = "<group>";
		};
		1E40337E28C26E9F0096B69F /* Coordinator */ = {
			isa = PBXGroup;
			children = (
				1E40337C28C26E4E0096B69F /* HomeCoordinator.swift */,
				1E40337F28C26EAC0096B69F /* HomeCoordinatorContracts.swift */,
			);
			path = Coordinator;
			sourceTree = "<group>";
		};
		1E40338128C26EC70096B69F /* VIewModel */ = {
			isa = PBXGroup;
			children = (
				1E40338228C26ED10096B69F /* HomeViewModel.swift */,
				1E40338428C26EDC0096B69F /* HomeViewModelContracts.swift */,
				1E4033B328C2AA780096B69F /* HomeViewDataHandler.swift */,
			);
			path = VIewModel;
			sourceTree = "<group>";
		};
		1E40338628C26EEF0096B69F /* View */ = {
			isa = PBXGroup;
			children = (
				1E40338728C26EF50096B69F /* HomeViewController.swift */,
			);
			path = View;
			sourceTree = "<group>";
		};
		1E40338B28C275D20096B69F /* Login */ = {
			isa = PBXGroup;
			children = (
				1ED2F0A628C39ACB00D2D1CD /* SubModules */,
				1E40339128C2878B0096B69F /* Manager */,
				1E25A8AB28C4B516004966DB /* ViewModel */,
				1E40338C28C275D40096B69F /* View */,
			);
			path = Login;
			sourceTree = "<group>";
		};
		1E40338C28C275D40096B69F /* View */ = {
			isa = PBXGroup;
			children = (
				1E40338D28C275DA0096B69F /* SignInViewController.swift */,
			);
			path = View;
			sourceTree = "<group>";
		};
		1E40339128C2878B0096B69F /* Manager */ = {
			isa = PBXGroup;
			children = (
				1E40339228C287900096B69F /* AuthManager.swift */,
			);
			path = Manager;
			sourceTree = "<group>";
		};
		1E40339428C2886F0096B69F /* Profile */ = {
			isa = PBXGroup;
			children = (
				1E25A8B028C4BDE7004966DB /* ViewModel */,
				1E40339528C288730096B69F /* View */,
			);
			path = Profile;
			sourceTree = "<group>";
		};
		1E40339528C288730096B69F /* View */ = {
			isa = PBXGroup;
			children = (
				1E40339628C2887A0096B69F /* ProfileViewController.swift */,
			);
			path = View;
			sourceTree = "<group>";
		};
		1E40339828C2A09D0096B69F /* Components */ = {
			isa = PBXGroup;
			children = (
				1E4033A228C2A4510096B69F /* CustomImageComponents */,
				1E40339928C2A0A10096B69F /* ListView */,
			);
			path = Components;
			sourceTree = "<group>";
		};
		1E40339928C2A0A10096B69F /* ListView */ = {
			isa = PBXGroup;
			children = (
				1E40339F28C2A32F0096B69F /* Cell */,
				1E40339A28C2A0A60096B69F /* ListView.swift */,
			);
			path = ListView;
			sourceTree = "<group>";
		};
		1E40339C28C2A2570096B69F /* BaseClasses */ = {
			isa = PBXGroup;
			children = (
				1E40339D28C2A2670096B69F /* BaseView.swift */,
			);
			path = BaseClasses;
			sourceTree = "<group>";
		};
		1E40339F28C2A32F0096B69F /* Cell */ = {
			isa = PBXGroup;
			children = (
				1E4033A028C2A3340096B69F /* ListViewCell.swift */,
				1E4033B128C2A9740096B69F /* ListViewCellData.swift */,
			);
			path = Cell;
			sourceTree = "<group>";
		};
		1E4033A228C2A4510096B69F /* CustomImageComponents */ = {
			isa = PBXGroup;
			children = (
				1E4033A328C2A4650096B69F /* CustomImageLoadingType.swift */,
				1E4033A528C2A4760096B69F /* CustomImageViewComponent.swift */,
				1E4033A728C2A4920096B69F /* CustomImageViewComponentData.swift */,
				1E4033A928C2A4C20096B69F /* CustomImageViewContainer.swift */,
			);
			path = CustomImageComponents;
			sourceTree = "<group>";
		};
		1E4033AE28C2A7610096B69F /* Managers */ = {
			isa = PBXGroup;
			children = (
				1E4033AF28C2A7690096B69F /* ImageCacheManager.swift */,
			);
			path = Managers;
			sourceTree = "<group>";
		};
		1E4033B528C2AAD10096B69F /* Factory */ = {
			isa = PBXGroup;
			children = (
				1E4033B628C2AAD70096B69F /* HomeFactory.swift */,
			);
			path = Factory;
			sourceTree = "<group>";
		};
		1E4033B828C2AF000096B69F /* Detail */ = {
			isa = PBXGroup;
			children = (
				1E4033B928C2AF070096B69F /* View */,
			);
			path = Detail;
			sourceTree = "<group>";
		};
		1E4033B928C2AF070096B69F /* View */ = {
			isa = PBXGroup;
			children = (
				1E4033BA28C2AF0E0096B69F /* DetailViewController.swift */,
			);
			path = View;
			sourceTree = "<group>";
		};
		1ED2F0A628C39ACB00D2D1CD /* SubModules */ = {
			isa = PBXGroup;
			children = (
				1ED2F0A728C39AD200D2D1CD /* SignInWebPage */,
			);
			path = SubModules;
			sourceTree = "<group>";
		};
		1ED2F0A728C39AD200D2D1CD /* SignInWebPage */ = {
			isa = PBXGroup;
			children = (
				1ED2F0A828C39ADE00D2D1CD /* AuthrorizationViewController.swift */,
			);
			path = SignInWebPage;
			sourceTree = "<group>";
		};
/* End PBXGroup section */

/* Begin PBXNativeTarget section */
		1E40334B28C268DE0096B69F /* SpotifyAPI */ = {
			isa = PBXNativeTarget;
			buildConfigurationList = 1E40336028C268DF0096B69F /* Build configuration list for PBXNativeTarget "SpotifyAPI" */;
			buildPhases = (
				1E40334828C268DE0096B69F /* Sources */,
				1E40334928C268DE0096B69F /* Frameworks */,
				1E40334A28C268DE0096B69F /* Resources */,
			);
			buildRules = (
			);
			dependencies = (
			);
			name = SpotifyAPI;
			productName = SpotifyAPI;
			productReference = 1E40334C28C268DE0096B69F /* SpotifyAPI.app */;
			productType = "com.apple.product-type.application";
		};
/* End PBXNativeTarget section */

/* Begin PBXProject section */
		1E40334428C268DE0096B69F /* Project object */ = {
			isa = PBXProject;
			attributes = {
				BuildIndependentTargetsInParallel = 1;
				LastSwiftUpdateCheck = 1400;
				LastUpgradeCheck = 1400;
				TargetAttributes = {
					1E40334B28C268DE0096B69F = {
						CreatedOnToolsVersion = 14.0;
					};
				};
			};
			buildConfigurationList = 1E40334728C268DE0096B69F /* Build configuration list for PBXProject "SpotifyAPI" */;
			compatibilityVersion = "Xcode 14.0";
			developmentRegion = en;
			hasScannedForEncodings = 0;
			knownRegions = (
				en,
				Base,
			);
			mainGroup = 1E40334328C268DE0096B69F;
			productRefGroup = 1E40334D28C268DE0096B69F /* Products */;
			projectDirPath = "";
			projectRoot = "";
			targets = (
				1E40334B28C268DE0096B69F /* SpotifyAPI */,
			);
		};
/* End PBXProject section */

/* Begin PBXResourcesBuildPhase section */
		1E40334A28C268DE0096B69F /* Resources */ = {
			isa = PBXResourcesBuildPhase;
			buildActionMask = 2147483647;
			files = (
				1E40335C28C268DF0096B69F /* LaunchScreen.storyboard in Resources */,
				1E40335928C268DF0096B69F /* Assets.xcassets in Resources */,
				1E40335728C268DE0096B69F /* Main.storyboard in Resources */,
			);
			runOnlyForDeploymentPostprocessing = 0;
		};
/* End PBXResourcesBuildPhase section */

/* Begin PBXSourcesBuildPhase section */
		1E40334828C268DE0096B69F /* Sources */ = {
			isa = PBXSourcesBuildPhase;
			buildActionMask = 2147483647;
			files = (
				1E4033A128C2A3340096B69F /* ListViewCell.swift in Sources */,
				1E40337028C26C3B0096B69F /* Alert.swift in Sources */,
				1E40336528C26B900096B69F /* AppCoordinator.swift in Sources */,
				1E4033A828C2A4920096B69F /* CustomImageViewComponentData.swift in Sources */,
				1E40339028C27E4E0096B69F /* UIControlExtensions.swift in Sources */,
				1E4033AA28C2A4C20096B69F /* CustomImageViewContainer.swift in Sources */,
				1E40337428C26C5A0096B69F /* Typealiases.swift in Sources */,
				1E4033BB28C2AF0E0096B69F /* DetailViewController.swift in Sources */,
				1E40336B28C26BC20096B69F /* DataProtocol.swift in Sources */,
				1E4033B028C2A7690096B69F /* ImageCacheManager.swift in Sources */,
				1E4033B228C2A9740096B69F /* ListViewCellData.swift in Sources */,
				1ED2F0A928C39ADE00D2D1CD /* AuthrorizationViewController.swift in Sources */,
				1E40339328C287900096B69F /* AuthManager.swift in Sources */,
				1E40336D28C26BEF0096B69F /* ErrorHandlingProtocol.swift in Sources */,
				1E4033A428C2A4650096B69F /* CustomImageLoadingType.swift in Sources */,
				1E25A8B428C4BDF6004966DB /* ProfileViewModelContracts.swift in Sources */,
				1E40338828C26EF50096B69F /* HomeViewController.swift in Sources */,
				1E40335028C268DE0096B69F /* AppDelegate.swift in Sources */,
				1E40339728C2887A0096B69F /* ProfileViewController.swift in Sources */,
				1E4033AC28C2A7280096B69F /* NSObjectExtensions.swift in Sources */,
				1E40337B28C26E340096B69F /* CoordinatorFactory.swift in Sources */,
				1E4033A628C2A4760096B69F /* CustomImageViewComponent.swift in Sources */,
				1E40338328C26ED10096B69F /* HomeViewModel.swift in Sources */,
				1E40339B28C2A0A60096B69F /* ListView.swift in Sources */,
				1E40338A28C274660096B69F /* UIColorExtensions.swift in Sources */,
				1E25A8AF28C4B53E004966DB /* SignInContracts.swift in Sources */,
				1E40337D28C26E4E0096B69F /* HomeCoordinator.swift in Sources */,
				1E40338528C26EDC0096B69F /* HomeViewModelContracts.swift in Sources */,
				1E25A8AD28C4B52B004966DB /* SignInViewModel.swift in Sources */,
				1E4033B428C2AA780096B69F /* HomeViewDataHandler.swift in Sources */,
				1E40338E28C275DA0096B69F /* SignInViewController.swift in Sources */,
				1E25A8B228C4BDF0004966DB /* ProfileViewModel.swift in Sources */,
				1E40337628C26C940096B69F /* DependencyContainer.swift in Sources */,
				1E40339E28C2A2670096B69F /* BaseView.swift in Sources */,
				1E4033B728C2AAD70096B69F /* HomeFactory.swift in Sources */,
				1E40336928C26BAE0096B69F /* CoordinatorContracts.swift in Sources */,
				1E40338028C26EAC0096B69F /* HomeCoordinatorContracts.swift in Sources */,
			);
			runOnlyForDeploymentPostprocessing = 0;
		};
/* End PBXSourcesBuildPhase section */

/* Begin PBXVariantGroup section */
		1E40335528C268DE0096B69F /* Main.storyboard */ = {
			isa = PBXVariantGroup;
			children = (
				1E40335628C268DE0096B69F /* Base */,
			);
			name = Main.storyboard;
			sourceTree = "<group>";
		};
		1E40335A28C268DF0096B69F /* LaunchScreen.storyboard */ = {
			isa = PBXVariantGroup;
			children = (
				1E40335B28C268DF0096B69F /* Base */,
			);
			name = LaunchScreen.storyboard;
			sourceTree = "<group>";
		};
/* End PBXVariantGroup section */

/* Begin XCBuildConfiguration section */
		1E40335E28C268DF0096B69F /* Debug */ = {
			isa = XCBuildConfiguration;
			buildSettings = {
				ALWAYS_SEARCH_USER_PATHS = NO;
				CLANG_ANALYZER_NONNULL = YES;
				CLANG_ANALYZER_NUMBER_OBJECT_CONVERSION = YES_AGGRESSIVE;
				CLANG_CXX_LANGUAGE_STANDARD = "gnu++20";
				CLANG_ENABLE_MODULES = YES;
				CLANG_ENABLE_OBJC_ARC = YES;
				CLANG_ENABLE_OBJC_WEAK = YES;
				CLANG_WARN_BLOCK_CAPTURE_AUTORELEASING = YES;
				CLANG_WARN_BOOL_CONVERSION = YES;
				CLANG_WARN_COMMA = YES;
				CLANG_WARN_CONSTANT_CONVERSION = YES;
				CLANG_WARN_DEPRECATED_OBJC_IMPLEMENTATIONS = YES;
				CLANG_WARN_DIRECT_OBJC_ISA_USAGE = YES_ERROR;
				CLANG_WARN_DOCUMENTATION_COMMENTS = YES;
				CLANG_WARN_EMPTY_BODY = YES;
				CLANG_WARN_ENUM_CONVERSION = YES;
				CLANG_WARN_INFINITE_RECURSION = YES;
				CLANG_WARN_INT_CONVERSION = YES;
				CLANG_WARN_NON_LITERAL_NULL_CONVERSION = YES;
				CLANG_WARN_OBJC_IMPLICIT_RETAIN_SELF = YES;
				CLANG_WARN_OBJC_LITERAL_CONVERSION = YES;
				CLANG_WARN_OBJC_ROOT_CLASS = YES_ERROR;
				CLANG_WARN_QUOTED_INCLUDE_IN_FRAMEWORK_HEADER = YES;
				CLANG_WARN_RANGE_LOOP_ANALYSIS = YES;
				CLANG_WARN_STRICT_PROTOTYPES = YES;
				CLANG_WARN_SUSPICIOUS_MOVE = YES;
				CLANG_WARN_UNGUARDED_AVAILABILITY = YES_AGGRESSIVE;
				CLANG_WARN_UNREACHABLE_CODE = YES;
				CLANG_WARN__DUPLICATE_METHOD_MATCH = YES;
				COPY_PHASE_STRIP = NO;
				DEBUG_INFORMATION_FORMAT = dwarf;
				ENABLE_STRICT_OBJC_MSGSEND = YES;
				ENABLE_TESTABILITY = YES;
				GCC_C_LANGUAGE_STANDARD = gnu11;
				GCC_DYNAMIC_NO_PIC = NO;
				GCC_NO_COMMON_BLOCKS = YES;
				GCC_OPTIMIZATION_LEVEL = 0;
				GCC_PREPROCESSOR_DEFINITIONS = (
					"DEBUG=1",
					"$(inherited)",
				);
				GCC_WARN_64_TO_32_BIT_CONVERSION = YES;
				GCC_WARN_ABOUT_RETURN_TYPE = YES_ERROR;
				GCC_WARN_UNDECLARED_SELECTOR = YES;
				GCC_WARN_UNINITIALIZED_AUTOS = YES_AGGRESSIVE;
				GCC_WARN_UNUSED_FUNCTION = YES;
				GCC_WARN_UNUSED_VARIABLE = YES;
				IPHONEOS_DEPLOYMENT_TARGET = 16.0;
				MTL_ENABLE_DEBUG_INFO = INCLUDE_SOURCE;
				MTL_FAST_MATH = YES;
				ONLY_ACTIVE_ARCH = YES;
				SDKROOT = iphoneos;
				SWIFT_ACTIVE_COMPILATION_CONDITIONS = DEBUG;
				SWIFT_OPTIMIZATION_LEVEL = "-Onone";
			};
			name = Debug;
		};
		1E40335F28C268DF0096B69F /* Release */ = {
			isa = XCBuildConfiguration;
			buildSettings = {
				ALWAYS_SEARCH_USER_PATHS = NO;
				CLANG_ANALYZER_NONNULL = YES;
				CLANG_ANALYZER_NUMBER_OBJECT_CONVERSION = YES_AGGRESSIVE;
				CLANG_CXX_LANGUAGE_STANDARD = "gnu++20";
				CLANG_ENABLE_MODULES = YES;
				CLANG_ENABLE_OBJC_ARC = YES;
				CLANG_ENABLE_OBJC_WEAK = YES;
				CLANG_WARN_BLOCK_CAPTURE_AUTORELEASING = YES;
				CLANG_WARN_BOOL_CONVERSION = YES;
				CLANG_WARN_COMMA = YES;
				CLANG_WARN_CONSTANT_CONVERSION = YES;
				CLANG_WARN_DEPRECATED_OBJC_IMPLEMENTATIONS = YES;
				CLANG_WARN_DIRECT_OBJC_ISA_USAGE = YES_ERROR;
				CLANG_WARN_DOCUMENTATION_COMMENTS = YES;
				CLANG_WARN_EMPTY_BODY = YES;
				CLANG_WARN_ENUM_CONVERSION = YES;
				CLANG_WARN_INFINITE_RECURSION = YES;
				CLANG_WARN_INT_CONVERSION = YES;
				CLANG_WARN_NON_LITERAL_NULL_CONVERSION = YES;
				CLANG_WARN_OBJC_IMPLICIT_RETAIN_SELF = YES;
				CLANG_WARN_OBJC_LITERAL_CONVERSION = YES;
				CLANG_WARN_OBJC_ROOT_CLASS = YES_ERROR;
				CLANG_WARN_QUOTED_INCLUDE_IN_FRAMEWORK_HEADER = YES;
				CLANG_WARN_RANGE_LOOP_ANALYSIS = YES;
				CLANG_WARN_STRICT_PROTOTYPES = YES;
				CLANG_WARN_SUSPICIOUS_MOVE = YES;
				CLANG_WARN_UNGUARDED_AVAILABILITY = YES_AGGRESSIVE;
				CLANG_WARN_UNREACHABLE_CODE = YES;
				CLANG_WARN__DUPLICATE_METHOD_MATCH = YES;
				COPY_PHASE_STRIP = NO;
				DEBUG_INFORMATION_FORMAT = "dwarf-with-dsym";
				ENABLE_NS_ASSERTIONS = NO;
				ENABLE_STRICT_OBJC_MSGSEND = YES;
				GCC_C_LANGUAGE_STANDARD = gnu11;
				GCC_NO_COMMON_BLOCKS = YES;
				GCC_WARN_64_TO_32_BIT_CONVERSION = YES;
				GCC_WARN_ABOUT_RETURN_TYPE = YES_ERROR;
				GCC_WARN_UNDECLARED_SELECTOR = YES;
				GCC_WARN_UNINITIALIZED_AUTOS = YES_AGGRESSIVE;
				GCC_WARN_UNUSED_FUNCTION = YES;
				GCC_WARN_UNUSED_VARIABLE = YES;
				IPHONEOS_DEPLOYMENT_TARGET = 16.0;
				MTL_ENABLE_DEBUG_INFO = NO;
				MTL_FAST_MATH = YES;
				SDKROOT = iphoneos;
				SWIFT_COMPILATION_MODE = wholemodule;
				SWIFT_OPTIMIZATION_LEVEL = "-O";
				VALIDATE_PRODUCT = YES;
			};
			name = Release;
		};
		1E40336128C268DF0096B69F /* Debug */ = {
			isa = XCBuildConfiguration;
			buildSettings = {
				ASSETCATALOG_COMPILER_APPICON_NAME = AppIcon;
				ASSETCATALOG_COMPILER_GLOBAL_ACCENT_COLOR_NAME = AccentColor;
				CODE_SIGN_STYLE = Automatic;
				CURRENT_PROJECT_VERSION = 1;
				DEVELOPMENT_TEAM = G746TBT9SB;
				GENERATE_INFOPLIST_FILE = YES;
				INFOPLIST_FILE = SpotifyAPI/Info.plist;
				INFOPLIST_KEY_UIApplicationSupportsIndirectInputEvents = YES;
				INFOPLIST_KEY_UILaunchStoryboardName = LaunchScreen;
				INFOPLIST_KEY_UIMainStoryboardFile = "";
				INFOPLIST_KEY_UISupportedInterfaceOrientations_iPad = "UIInterfaceOrientationPortrait UIInterfaceOrientationPortraitUpsideDown UIInterfaceOrientationLandscapeLeft UIInterfaceOrientationLandscapeRight";
				INFOPLIST_KEY_UISupportedInterfaceOrientations_iPhone = "UIInterfaceOrientationPortrait UIInterfaceOrientationLandscapeLeft UIInterfaceOrientationLandscapeRight";
				IPHONEOS_DEPLOYMENT_TARGET = 15;
				LD_RUNPATH_SEARCH_PATHS = (
					"$(inherited)",
					"@executable_path/Frameworks",
				);
				MARKETING_VERSION = 1.0;
				PRODUCT_BUNDLE_IDENTIFIER = com.canyoldas.SpotifyAPI;
				PRODUCT_NAME = "$(TARGET_NAME)";
				SWIFT_EMIT_LOC_STRINGS = YES;
				SWIFT_VERSION = 5.0;
				TARGETED_DEVICE_FAMILY = "1,2";
			};
			name = Debug;
		};
		1E40336228C268DF0096B69F /* Release */ = {
			isa = XCBuildConfiguration;
			buildSettings = {
				ASSETCATALOG_COMPILER_APPICON_NAME = AppIcon;
				ASSETCATALOG_COMPILER_GLOBAL_ACCENT_COLOR_NAME = AccentColor;
				CODE_SIGN_STYLE = Automatic;
				CURRENT_PROJECT_VERSION = 1;
				DEVELOPMENT_TEAM = G746TBT9SB;
				GENERATE_INFOPLIST_FILE = YES;
				INFOPLIST_FILE = SpotifyAPI/Info.plist;
				INFOPLIST_KEY_UIApplicationSupportsIndirectInputEvents = YES;
				INFOPLIST_KEY_UILaunchStoryboardName = LaunchScreen;
				INFOPLIST_KEY_UIMainStoryboardFile = "";
				INFOPLIST_KEY_UISupportedInterfaceOrientations_iPad = "UIInterfaceOrientationPortrait UIInterfaceOrientationPortraitUpsideDown UIInterfaceOrientationLandscapeLeft UIInterfaceOrientationLandscapeRight";
				INFOPLIST_KEY_UISupportedInterfaceOrientations_iPhone = "UIInterfaceOrientationPortrait UIInterfaceOrientationLandscapeLeft UIInterfaceOrientationLandscapeRight";
				IPHONEOS_DEPLOYMENT_TARGET = 15;
				LD_RUNPATH_SEARCH_PATHS = (
					"$(inherited)",
					"@executable_path/Frameworks",
				);
				MARKETING_VERSION = 1.0;
				PRODUCT_BUNDLE_IDENTIFIER = com.canyoldas.SpotifyAPI;
				PRODUCT_NAME = "$(TARGET_NAME)";
				SWIFT_EMIT_LOC_STRINGS = YES;
				SWIFT_VERSION = 5.0;
				TARGETED_DEVICE_FAMILY = "1,2";
			};
			name = Release;
		};
/* End XCBuildConfiguration section */

/* Begin XCConfigurationList section */
		1E40334728C268DE0096B69F /* Build configuration list for PBXProject "SpotifyAPI" */ = {
			isa = XCConfigurationList;
			buildConfigurations = (
				1E40335E28C268DF0096B69F /* Debug */,
				1E40335F28C268DF0096B69F /* Release */,
			);
			defaultConfigurationIsVisible = 0;
			defaultConfigurationName = Release;
		};
		1E40336028C268DF0096B69F /* Build configuration list for PBXNativeTarget "SpotifyAPI" */ = {
			isa = XCConfigurationList;
			buildConfigurations = (
				1E40336128C268DF0096B69F /* Debug */,
				1E40336228C268DF0096B69F /* Release */,
			);
			defaultConfigurationIsVisible = 0;
			defaultConfigurationName = Release;
		};
/* End XCConfigurationList section */
	};
	rootObject = 1E40334428C268DE0096B69F /* Project object */;
}
